
Microsoft Visual Studio Solution File, Format Version 12.00
# Visual Studio Version 17
VisualStudioVersion = 17.0.31903.59
MinimumVisualStudioVersion = 10.0.40219.1
Project("{2150E333-8FDC-42A3-9474-1A3956D46DE8}") = "space-bakes", "space-bakes", "{AC8A2FA6-06A5-4E62-A2FD-A23C0E9C0C40}"
EndProject
Project("{FAE04EC0-301F-11D3-BF4B-00C04F79EFBC}") = "SpaceBakes.Console", "space-bakes\SpaceBakes.Console\SpaceBakes.Console.csproj", "{2E0954FE-8435-4AD0-A2D3-F3D86E0A3FEA}"
EndProject
Global
	GlobalSection(SolutionConfigurationPlatforms) = preSolution
		Debug|Any CPU = Debug|Any CPU
		Release|Any CPU = Release|Any CPU
	EndGlobalSection
	GlobalSection(SolutionProperties) = preSolution
		HideSolutionNode = FALSE
	EndGlobalSection
	GlobalSection(ProjectConfigurationPlatforms) = postSolution
		{2E0954FE-8435-4AD0-A2D3-F3D86E0A3FEA}.Debug|Any CPU.ActiveCfg = Debug|Any CPU
		{2E0954FE-8435-4AD0-A2D3-F3D86E0A3FEA}.Debug|Any CPU.Build.0 = Debug|Any CPU
		{2E0954FE-8435-4AD0-A2D3-F3D86E0A3FEA}.Release|Any CPU.ActiveCfg = Release|Any CPU
		{2E0954FE-8435-4AD0-A2D3-F3D86E0A3FEA}.Release|Any CPU.Build.0 = Release|Any CPU
	EndGlobalSection
	GlobalSection(NestedProjects) = preSolution
		{2E0954FE-8435-4AD0-A2D3-F3D86E0A3FEA} = {AC8A2FA6-06A5-4E62-A2FD-A23C0E9C0C40}
	EndGlobalSection
EndGlobal
